// !$*UTF8*$!
{
	archiveVersion = 1;
	classes = {
	};
	objectVersion = 46;
	objects = {

/* Begin PBXBuildFile section */
		0149900D1742D9B4008F3304 /* ILROImageList.m in Sources */ = {isa = PBXBuildFile; fileRef = 0149900C1742D9B4008F3304 /* ILROImageList.m */; };
		014990101742D9C6008F3304 /* ILROImage.m in Sources */ = {isa = PBXBuildFile; fileRef = 0149900F1742D9C6008F3304 /* ILROImage.m */; };
		01A7E1E417427FAB002744C4 /* UIKit.framework in Frameworks */ = {isa = PBXBuildFile; fileRef = 01A7E1E317427FAB002744C4 /* UIKit.framework */; };
		01A7E1E617427FAB002744C4 /* Foundation.framework in Frameworks */ = {isa = PBXBuildFile; fileRef = 01A7E1E517427FAB002744C4 /* Foundation.framework */; };
		01A7E1E817427FAB002744C4 /* CoreGraphics.framework in Frameworks */ = {isa = PBXBuildFile; fileRef = 01A7E1E717427FAB002744C4 /* CoreGraphics.framework */; };
		01A7E1EE17427FAB002744C4 /* InfoPlist.strings in Resources */ = {isa = PBXBuildFile; fileRef = 01A7E1EC17427FAB002744C4 /* InfoPlist.strings */; };
		01A7E1F017427FAB002744C4 /* main.m in Sources */ = {isa = PBXBuildFile; fileRef = 01A7E1EF17427FAB002744C4 /* main.m */; };
		01A7E1F417427FAB002744C4 /* ILAppDelegate.m in Sources */ = {isa = PBXBuildFile; fileRef = 01A7E1F317427FAB002744C4 /* ILAppDelegate.m */; };
		01A7E1F617427FAB002744C4 /* Default.png in Resources */ = {isa = PBXBuildFile; fileRef = 01A7E1F517427FAB002744C4 /* Default.png */; };
		01A7E1F817427FAB002744C4 /* Default@2x.png in Resources */ = {isa = PBXBuildFile; fileRef = 01A7E1F717427FAB002744C4 /* Default@2x.png */; };
		01A7E1FA17427FAB002744C4 /* Default-568h@2x.png in Resources */ = {isa = PBXBuildFile; fileRef = 01A7E1F917427FAB002744C4 /* Default-568h@2x.png */; };
		01A7E20017427FAB002744C4 /* ILViewController_iPhone.xib in Resources */ = {isa = PBXBuildFile; fileRef = 01A7E1FE17427FAB002744C4 /* ILViewController_iPhone.xib */; };
		01A7E20317427FAB002744C4 /* ILViewController_iPad.xib in Resources */ = {isa = PBXBuildFile; fileRef = 01A7E20117427FAB002744C4 /* ILViewController_iPad.xib */; };
		01A7E20E1742C3EE002744C4 /* ILImageListController.m in Sources */ = {isa = PBXBuildFile; fileRef = 01A7E20D1742C3EE002744C4 /* ILImageListController.m */; };
		01A7E2121742C433002744C4 /* ILMainNavigationController.m in Sources */ = {isa = PBXBuildFile; fileRef = 01A7E2111742C433002744C4 /* ILMainNavigationController.m */; };
		01A7E2161742C613002744C4 /* ILImageListCell.m in Sources */ = {isa = PBXBuildFile; fileRef = 01A7E2151742C613002744C4 /* ILImageListCell.m */; };
		01A7E2281742D346002744C4 /* libRestKit.a in Frameworks */ = {isa = PBXBuildFile; fileRef = 01A7E21F1742D28D002744C4 /* libRestKit.a */; };
		01A7E22A1742D357002744C4 /* CFNetwork.framework in Frameworks */ = {isa = PBXBuildFile; fileRef = 01A7E2291742D357002744C4 /* CFNetwork.framework */; };
		01A7E22C1742D364002744C4 /* CoreData.framework in Frameworks */ = {isa = PBXBuildFile; fileRef = 01A7E22B1742D364002744C4 /* CoreData.framework */; };
		01A7E22E1742D36B002744C4 /* MobileCoreServices.framework in Frameworks */ = {isa = PBXBuildFile; fileRef = 01A7E22D1742D36B002744C4 /* MobileCoreServices.framework */; };
		01A7E2301742D376002744C4 /* Security.framework in Frameworks */ = {isa = PBXBuildFile; fileRef = 01A7E22F1742D376002744C4 /* Security.framework */; };
		01A7E2321742D37B002744C4 /* SystemConfiguration.framework in Frameworks */ = {isa = PBXBuildFile; fileRef = 01A7E2311742D37B002744C4 /* SystemConfiguration.framework */; };
		01A7E2361742D504002744C4 /* ILServerManager.m in Sources */ = {isa = PBXBuildFile; fileRef = 01A7E2351742D504002744C4 /* ILServerManager.m */; };
/* End PBXBuildFile section */

/* Begin PBXContainerItemProxy section */
		01A7E21E1742D28D002744C4 /* PBXContainerItemProxy */ = {
			isa = PBXContainerItemProxy;
			containerPortal = 01A7E2171742D28D002744C4 /* RestKit.xcodeproj */;
			proxyType = 2;
			remoteGlobalIDString = 25160D1614564E810060A5C5;
			remoteInfo = RestKit;
		};
		01A7E2201742D28D002744C4 /* PBXContainerItemProxy */ = {
			isa = PBXContainerItemProxy;
			containerPortal = 01A7E2171742D28D002744C4 /* RestKit.xcodeproj */;
			proxyType = 2;
			remoteGlobalIDString = 25160D2614564E820060A5C5;
			remoteInfo = RestKitTests;
		};
		01A7E2221742D28D002744C4 /* PBXContainerItemProxy */ = {
			isa = PBXContainerItemProxy;
			containerPortal = 01A7E2171742D28D002744C4 /* RestKit.xcodeproj */;
			proxyType = 2;
			remoteGlobalIDString = 25160E62145651060060A5C5;
			remoteInfo = RestKitFramework;
		};
		01A7E2241742D28D002744C4 /* PBXContainerItemProxy */ = {
			isa = PBXContainerItemProxy;
			containerPortal = 01A7E2171742D28D002744C4 /* RestKit.xcodeproj */;
			proxyType = 2;
			remoteGlobalIDString = 25160E78145651060060A5C5;
			remoteInfo = RestKitFrameworkTests;
		};
		01A7E2261742D32B002744C4 /* PBXContainerItemProxy */ = {
			isa = PBXContainerItemProxy;
			containerPortal = 01A7E2171742D28D002744C4 /* RestKit.xcodeproj */;
			proxyType = 1;
			remoteGlobalIDString = 25160D1514564E810060A5C5;
			remoteInfo = RestKit;
		};
/* End PBXContainerItemProxy section */

/* Begin PBXFileReference section */
		0149900B1742D9B4008F3304 /* ILROImageList.h */ = {isa = PBXFileReference; fileEncoding = 4; lastKnownFileType = sourcecode.c.h; name = ILROImageList.h; path = restobjects/ILROImageList.h; sourceTree = "<group>"; };
		0149900C1742D9B4008F3304 /* ILROImageList.m */ = {isa = PBXFileReference; fileEncoding = 4; lastKnownFileType = sourcecode.c.objc; name = ILROImageList.m; path = restobjects/ILROImageList.m; sourceTree = "<group>"; };
		0149900E1742D9C6008F3304 /* ILROImage.h */ = {isa = PBXFileReference; fileEncoding = 4; lastKnownFileType = sourcecode.c.h; name = ILROImage.h; path = restobjects/ILROImage.h; sourceTree = "<group>"; };
		0149900F1742D9C6008F3304 /* ILROImage.m */ = {isa = PBXFileReference; fileEncoding = 4; lastKnownFileType = sourcecode.c.objc; name = ILROImage.m; path = restobjects/ILROImage.m; sourceTree = "<group>"; };
		01A7E1E017427FAB002744C4 /* ImageLoader.app */ = {isa = PBXFileReference; explicitFileType = wrapper.application; includeInIndex = 0; path = ImageLoader.app; sourceTree = BUILT_PRODUCTS_DIR; };
		01A7E1E317427FAB002744C4 /* UIKit.framework */ = {isa = PBXFileReference; lastKnownFileType = wrapper.framework; name = UIKit.framework; path = System/Library/Frameworks/UIKit.framework; sourceTree = SDKROOT; };
		01A7E1E517427FAB002744C4 /* Foundation.framework */ = {isa = PBXFileReference; lastKnownFileType = wrapper.framework; name = Foundation.framework; path = System/Library/Frameworks/Foundation.framework; sourceTree = SDKROOT; };
		01A7E1E717427FAB002744C4 /* CoreGraphics.framework */ = {isa = PBXFileReference; lastKnownFileType = wrapper.framework; name = CoreGraphics.framework; path = System/Library/Frameworks/CoreGraphics.framework; sourceTree = SDKROOT; };
		01A7E1EB17427FAB002744C4 /* ImageLoader-Info.plist */ = {isa = PBXFileReference; lastKnownFileType = text.plist.xml; path = "ImageLoader-Info.plist"; sourceTree = "<group>"; };
		01A7E1ED17427FAB002744C4 /* en */ = {isa = PBXFileReference; lastKnownFileType = text.plist.strings; name = en; path = en.lproj/InfoPlist.strings; sourceTree = "<group>"; };
		01A7E1EF17427FAB002744C4 /* main.m */ = {isa = PBXFileReference; lastKnownFileType = sourcecode.c.objc; path = main.m; sourceTree = "<group>"; };
		01A7E1F117427FAB002744C4 /* ImageLoader-Prefix.pch */ = {isa = PBXFileReference; lastKnownFileType = sourcecode.c.h; path = "ImageLoader-Prefix.pch"; sourceTree = "<group>"; };
		01A7E1F217427FAB002744C4 /* ILAppDelegate.h */ = {isa = PBXFileReference; lastKnownFileType = sourcecode.c.h; path = ILAppDelegate.h; sourceTree = "<group>"; };
		01A7E1F317427FAB002744C4 /* ILAppDelegate.m */ = {isa = PBXFileReference; lastKnownFileType = sourcecode.c.objc; path = ILAppDelegate.m; sourceTree = "<group>"; };
		01A7E1F517427FAB002744C4 /* Default.png */ = {isa = PBXFileReference; lastKnownFileType = image.png; path = Default.png; sourceTree = "<group>"; };
		01A7E1F717427FAB002744C4 /* Default@2x.png */ = {isa = PBXFileReference; lastKnownFileType = image.png; path = "Default@2x.png"; sourceTree = "<group>"; };
		01A7E1F917427FAB002744C4 /* Default-568h@2x.png */ = {isa = PBXFileReference; lastKnownFileType = image.png; path = "Default-568h@2x.png"; sourceTree = "<group>"; };
		01A7E1FF17427FAB002744C4 /* en */ = {isa = PBXFileReference; lastKnownFileType = file.xib; name = en; path = en.lproj/ILViewController_iPhone.xib; sourceTree = "<group>"; };
		01A7E20217427FAB002744C4 /* en */ = {isa = PBXFileReference; lastKnownFileType = file.xib; name = en; path = en.lproj/ILViewController_iPad.xib; sourceTree = "<group>"; };
		01A7E20C1742C3EE002744C4 /* ILImageListController.h */ = {isa = PBXFileReference; fileEncoding = 4; lastKnownFileType = sourcecode.c.h; name = ILImageListController.h; path = controllers/ILImageListController.h; sourceTree = "<group>"; };
		01A7E20D1742C3EE002744C4 /* ILImageListController.m */ = {isa = PBXFileReference; fileEncoding = 4; lastKnownFileType = sourcecode.c.objc; name = ILImageListController.m; path = controllers/ILImageListController.m; sourceTree = "<group>"; };
		01A7E2101742C433002744C4 /* ILMainNavigationController.h */ = {isa = PBXFileReference; fileEncoding = 4; lastKnownFileType = sourcecode.c.h; name = ILMainNavigationController.h; path = controllers/ILMainNavigationController.h; sourceTree = "<group>"; };
		01A7E2111742C433002744C4 /* ILMainNavigationController.m */ = {isa = PBXFileReference; fileEncoding = 4; lastKnownFileType = sourcecode.c.objc; name = ILMainNavigationController.m; path = controllers/ILMainNavigationController.m; sourceTree = "<group>"; };
		01A7E2141742C613002744C4 /* ILImageListCell.h */ = {isa = PBXFileReference; fileEncoding = 4; lastKnownFileType = sourcecode.c.h; name = ILImageListCell.h; path = controllers/cells/ILImageListCell.h; sourceTree = "<group>"; };
		01A7E2151742C613002744C4 /* ILImageListCell.m */ = {isa = PBXFileReference; fileEncoding = 4; lastKnownFileType = sourcecode.c.objc; name = ILImageListCell.m; path = controllers/cells/ILImageListCell.m; sourceTree = "<group>"; };
		01A7E2171742D28D002744C4 /* RestKit.xcodeproj */ = {isa = PBXFileReference; lastKnownFileType = "wrapper.pb-project"; name = RestKit.xcodeproj; path = ../RestKit/RestKit.xcodeproj; sourceTree = "<group>"; };
		01A7E2291742D357002744C4 /* CFNetwork.framework */ = {isa = PBXFileReference; lastKnownFileType = wrapper.framework; name = CFNetwork.framework; path = System/Library/Frameworks/CFNetwork.framework; sourceTree = SDKROOT; };
		01A7E22B1742D364002744C4 /* CoreData.framework */ = {isa = PBXFileReference; lastKnownFileType = wrapper.framework; name = CoreData.framework; path = System/Library/Frameworks/CoreData.framework; sourceTree = SDKROOT; };
		01A7E22D1742D36B002744C4 /* MobileCoreServices.framework */ = {isa = PBXFileReference; lastKnownFileType = wrapper.framework; name = MobileCoreServices.framework; path = System/Library/Frameworks/MobileCoreServices.framework; sourceTree = SDKROOT; };
		01A7E22F1742D376002744C4 /* Security.framework */ = {isa = PBXFileReference; lastKnownFileType = wrapper.framework; name = Security.framework; path = System/Library/Frameworks/Security.framework; sourceTree = SDKROOT; };
		01A7E2311742D37B002744C4 /* SystemConfiguration.framework */ = {isa = PBXFileReference; lastKnownFileType = wrapper.framework; name = SystemConfiguration.framework; path = System/Library/Frameworks/SystemConfiguration.framework; sourceTree = SDKROOT; };
		01A7E2341742D504002744C4 /* ILServerManager.h */ = {isa = PBXFileReference; fileEncoding = 4; lastKnownFileType = sourcecode.c.h; name = ILServerManager.h; path = managers/ILServerManager.h; sourceTree = "<group>"; };
		01A7E2351742D504002744C4 /* ILServerManager.m */ = {isa = PBXFileReference; fileEncoding = 4; lastKnownFileType = sourcecode.c.objc; name = ILServerManager.m; path = managers/ILServerManager.m; sourceTree = "<group>"; };
/* End PBXFileReference section */

/* Begin PBXFrameworksBuildPhase section */
		01A7E1DD17427FAB002744C4 /* Frameworks */ = {
			isa = PBXFrameworksBuildPhase;
			buildActionMask = 2147483647;
			files = (
				01A7E2321742D37B002744C4 /* SystemConfiguration.framework in Frameworks */,
				01A7E2301742D376002744C4 /* Security.framework in Frameworks */,
				01A7E22E1742D36B002744C4 /* MobileCoreServices.framework in Frameworks */,
				01A7E22C1742D364002744C4 /* CoreData.framework in Frameworks */,
				01A7E22A1742D357002744C4 /* CFNetwork.framework in Frameworks */,
				01A7E2281742D346002744C4 /* libRestKit.a in Frameworks */,
				01A7E1E417427FAB002744C4 /* UIKit.framework in Frameworks */,
				01A7E1E617427FAB002744C4 /* Foundation.framework in Frameworks */,
				01A7E1E817427FAB002744C4 /* CoreGraphics.framework in Frameworks */,
			);
			runOnlyForDeploymentPostprocessing = 0;
		};
/* End PBXFrameworksBuildPhase section */

/* Begin PBXGroup section */
		0149900A1742D98B008F3304 /* restobjects */ = {
			isa = PBXGroup;
			children = (
				0149900B1742D9B4008F3304 /* ILROImageList.h */,
				0149900C1742D9B4008F3304 /* ILROImageList.m */,
				0149900E1742D9C6008F3304 /* ILROImage.h */,
				0149900F1742D9C6008F3304 /* ILROImage.m */,
			);
			name = restobjects;
			sourceTree = "<group>";
		};
		01A7E1D717427FAA002744C4 = {
			isa = PBXGroup;
			children = (
				01A7E2311742D37B002744C4 /* SystemConfiguration.framework */,
				01A7E22F1742D376002744C4 /* Security.framework */,
				01A7E22D1742D36B002744C4 /* MobileCoreServices.framework */,
				01A7E22B1742D364002744C4 /* CoreData.framework */,
				01A7E2291742D357002744C4 /* CFNetwork.framework */,
				01A7E1E917427FAB002744C4 /* ImageLoader */,
				01A7E1E217427FAB002744C4 /* Frameworks */,
				01A7E1E117427FAB002744C4 /* Products */,
			);
			sourceTree = "<group>";
		};
		01A7E1E117427FAB002744C4 /* Products */ = {
			isa = PBXGroup;
			children = (
				01A7E1E017427FAB002744C4 /* ImageLoader.app */,
			);
			name = Products;
			sourceTree = "<group>";
		};
		01A7E1E217427FAB002744C4 /* Frameworks */ = {
			isa = PBXGroup;
			children = (
				01A7E2171742D28D002744C4 /* RestKit.xcodeproj */,
				01A7E1E317427FAB002744C4 /* UIKit.framework */,
				01A7E1E517427FAB002744C4 /* Foundation.framework */,
				01A7E1E717427FAB002744C4 /* CoreGraphics.framework */,
			);
			name = Frameworks;
			sourceTree = "<group>";
		};
		01A7E1E917427FAB002744C4 /* ImageLoader */ = {
			isa = PBXGroup;
			children = (
				0149900A1742D98B008F3304 /* restobjects */,
				01A7E2331742D4D9002744C4 /* managers */,
				01A7E20F1742C41C002744C4 /* controllers */,
				01A7E1F217427FAB002744C4 /* ILAppDelegate.h */,
				01A7E1F317427FAB002744C4 /* ILAppDelegate.m */,
				01A7E1FE17427FAB002744C4 /* ILViewController_iPhone.xib */,
				01A7E20117427FAB002744C4 /* ILViewController_iPad.xib */,
				01A7E1EA17427FAB002744C4 /* Supporting Files */,
			);
			path = ImageLoader;
			sourceTree = "<group>";
		};
		01A7E1EA17427FAB002744C4 /* Supporting Files */ = {
			isa = PBXGroup;
			children = (
				01A7E1EB17427FAB002744C4 /* ImageLoader-Info.plist */,
				01A7E1EC17427FAB002744C4 /* InfoPlist.strings */,
				01A7E1EF17427FAB002744C4 /* main.m */,
				01A7E1F117427FAB002744C4 /* ImageLoader-Prefix.pch */,
				01A7E1F517427FAB002744C4 /* Default.png */,
				01A7E1F717427FAB002744C4 /* Default@2x.png */,
				01A7E1F917427FAB002744C4 /* Default-568h@2x.png */,
			);
			name = "Supporting Files";
			sourceTree = "<group>";
		};
		01A7E20F1742C41C002744C4 /* controllers */ = {
			isa = PBXGroup;
			children = (
				01A7E2131742C5EF002744C4 /* cells */,
				01A7E20C1742C3EE002744C4 /* ILImageListController.h */,
				01A7E20D1742C3EE002744C4 /* ILImageListController.m */,
				01A7E2101742C433002744C4 /* ILMainNavigationController.h */,
				01A7E2111742C433002744C4 /* ILMainNavigationController.m */,
			);
			name = controllers;
			sourceTree = "<group>";
		};
		01A7E2131742C5EF002744C4 /* cells */ = {
			isa = PBXGroup;
			children = (
				01A7E2141742C613002744C4 /* ILImageListCell.h */,
				01A7E2151742C613002744C4 /* ILImageListCell.m */,
			);
			name = cells;
			sourceTree = "<group>";
		};
		01A7E2181742D28D002744C4 /* Products */ = {
			isa = PBXGroup;
			children = (
				01A7E21F1742D28D002744C4 /* libRestKit.a */,
				01A7E2211742D28D002744C4 /* RestKitTests.octest */,
				01A7E2231742D28D002744C4 /* RestKit.framework */,
				01A7E2251742D28D002744C4 /* RestKitFrameworkTests.octest */,
			);
			name = Products;
			sourceTree = "<group>";
		};
		01A7E2331742D4D9002744C4 /* managers */ = {
			isa = PBXGroup;
			children = (
				01A7E2341742D504002744C4 /* ILServerManager.h */,
				01A7E2351742D504002744C4 /* ILServerManager.m */,
			);
			name = managers;
			sourceTree = "<group>";
		};
/* End PBXGroup section */

/* Begin PBXNativeTarget section */
		01A7E1DF17427FAB002744C4 /* ImageLoader */ = {
			isa = PBXNativeTarget;
			buildConfigurationList = 01A7E20617427FAB002744C4 /* Build configuration list for PBXNativeTarget "ImageLoader" */;
			buildPhases = (
				01A7E1DC17427FAB002744C4 /* Sources */,
				01A7E1DD17427FAB002744C4 /* Frameworks */,
				01A7E1DE17427FAB002744C4 /* Resources */,
			);
			buildRules = (
			);
			dependencies = (
				01A7E2271742D32B002744C4 /* PBXTargetDependency */,
			);
			name = ImageLoader;
			productName = ImageLoader;
			productReference = 01A7E1E017427FAB002744C4 /* ImageLoader.app */;
			productType = "com.apple.product-type.application";
		};
/* End PBXNativeTarget section */

/* Begin PBXProject section */
		01A7E1D817427FAA002744C4 /* Project object */ = {
			isa = PBXProject;
			attributes = {
				CLASSPREFIX = IL;
				LastUpgradeCheck = 0460;
				ORGANIZATIONNAME = "Andrey Mukhametov";
			};
			buildConfigurationList = 01A7E1DB17427FAA002744C4 /* Build configuration list for PBXProject "ImageLoader" */;
			compatibilityVersion = "Xcode 3.2";
			developmentRegion = English;
			hasScannedForEncodings = 0;
			knownRegions = (
				en,
			);
			mainGroup = 01A7E1D717427FAA002744C4;
			productRefGroup = 01A7E1E117427FAB002744C4 /* Products */;
			projectDirPath = "";
			projectReferences = (
				{
					ProductGroup = 01A7E2181742D28D002744C4 /* Products */;
					ProjectRef = 01A7E2171742D28D002744C4 /* RestKit.xcodeproj */;
				},
			);
			projectRoot = "";
			targets = (
				01A7E1DF17427FAB002744C4 /* ImageLoader */,
			);
		};
/* End PBXProject section */

/* Begin PBXReferenceProxy section */
		01A7E21F1742D28D002744C4 /* libRestKit.a */ = {
			isa = PBXReferenceProxy;
			fileType = archive.ar;
			path = libRestKit.a;
			remoteRef = 01A7E21E1742D28D002744C4 /* PBXContainerItemProxy */;
			sourceTree = BUILT_PRODUCTS_DIR;
		};
		01A7E2211742D28D002744C4 /* RestKitTests.octest */ = {
			isa = PBXReferenceProxy;
			fileType = wrapper.cfbundle;
			path = RestKitTests.octest;
			remoteRef = 01A7E2201742D28D002744C4 /* PBXContainerItemProxy */;
			sourceTree = BUILT_PRODUCTS_DIR;
		};
		01A7E2231742D28D002744C4 /* RestKit.framework */ = {
			isa = PBXReferenceProxy;
			fileType = wrapper.framework;
			path = RestKit.framework;
			remoteRef = 01A7E2221742D28D002744C4 /* PBXContainerItemProxy */;
			sourceTree = BUILT_PRODUCTS_DIR;
		};
		01A7E2251742D28D002744C4 /* RestKitFrameworkTests.octest */ = {
			isa = PBXReferenceProxy;
			fileType = wrapper.cfbundle;
			path = RestKitFrameworkTests.octest;
			remoteRef = 01A7E2241742D28D002744C4 /* PBXContainerItemProxy */;
			sourceTree = BUILT_PRODUCTS_DIR;
		};
/* End PBXReferenceProxy section */

/* Begin PBXResourcesBuildPhase section */
		01A7E1DE17427FAB002744C4 /* Resources */ = {
			isa = PBXResourcesBuildPhase;
			buildActionMask = 2147483647;
			files = (
				01A7E1EE17427FAB002744C4 /* InfoPlist.strings in Resources */,
				01A7E1F617427FAB002744C4 /* Default.png in Resources */,
				01A7E1F817427FAB002744C4 /* Default@2x.png in Resources */,
				01A7E1FA17427FAB002744C4 /* Default-568h@2x.png in Resources */,
				01A7E20017427FAB002744C4 /* ILViewController_iPhone.xib in Resources */,
				01A7E20317427FAB002744C4 /* ILViewController_iPad.xib in Resources */,
			);
			runOnlyForDeploymentPostprocessing = 0;
		};
/* End PBXResourcesBuildPhase section */

/* Begin PBXSourcesBuildPhase section */
		01A7E1DC17427FAB002744C4 /* Sources */ = {
			isa = PBXSourcesBuildPhase;
			buildActionMask = 2147483647;
			files = (
				01A7E1F017427FAB002744C4 /* main.m in Sources */,
				01A7E1F417427FAB002744C4 /* ILAppDelegate.m in Sources */,
				01A7E20E1742C3EE002744C4 /* ILImageListController.m in Sources */,
				01A7E2121742C433002744C4 /* ILMainNavigationController.m in Sources */,
				01A7E2161742C613002744C4 /* ILImageListCell.m in Sources */,
				01A7E2361742D504002744C4 /* ILServerManager.m in Sources */,
				0149900D1742D9B4008F3304 /* ILROImageList.m in Sources */,
				014990101742D9C6008F3304 /* ILROImage.m in Sources */,
			);
			runOnlyForDeploymentPostprocessing = 0;
		};
/* End PBXSourcesBuildPhase section */

/* Begin PBXTargetDependency section */
		01A7E2271742D32B002744C4 /* PBXTargetDependency */ = {
			isa = PBXTargetDependency;
			name = RestKit;
			targetProxy = 01A7E2261742D32B002744C4 /* PBXContainerItemProxy */;
		};
/* End PBXTargetDependency section */

/* Begin PBXVariantGroup section */
		01A7E1EC17427FAB002744C4 /* InfoPlist.strings */ = {
			isa = PBXVariantGroup;
			children = (
				01A7E1ED17427FAB002744C4 /* en */,
			);
			name = InfoPlist.strings;
			sourceTree = "<group>";
		};
		01A7E1FE17427FAB002744C4 /* ILViewController_iPhone.xib */ = {
			isa = PBXVariantGroup;
			children = (
				01A7E1FF17427FAB002744C4 /* en */,
			);
			name = ILViewController_iPhone.xib;
			sourceTree = "<group>";
		};
		01A7E20117427FAB002744C4 /* ILViewController_iPad.xib */ = {
			isa = PBXVariantGroup;
			children = (
				01A7E20217427FAB002744C4 /* en */,
			);
			name = ILViewController_iPad.xib;
			sourceTree = "<group>";
		};
/* End PBXVariantGroup section */

/* Begin XCBuildConfiguration section */
		01A7E20417427FAB002744C4 /* Debug */ = {
			isa = XCBuildConfiguration;
			buildSettings = {
				ALWAYS_SEARCH_USER_PATHS = NO;
				CLANG_CXX_LANGUAGE_STANDARD = "gnu++0x";
				CLANG_CXX_LIBRARY = "libc++";
				CLANG_ENABLE_OBJC_ARC = YES;
				CLANG_WARN_CONSTANT_CONVERSION = YES;
				CLANG_WARN_EMPTY_BODY = YES;
				CLANG_WARN_ENUM_CONVERSION = YES;
				CLANG_WARN_INT_CONVERSION = YES;
				CLANG_WARN__DUPLICATE_METHOD_MATCH = YES;
				"CODE_SIGN_IDENTITY[sdk=iphoneos*]" = "iPhone Developer";
				COPY_PHASE_STRIP = NO;
				GCC_C_LANGUAGE_STANDARD = gnu99;
				GCC_DYNAMIC_NO_PIC = NO;
				GCC_OPTIMIZATION_LEVEL = 0;
				GCC_PREPROCESSOR_DEFINITIONS = (
					"DEBUG=1",
					"$(inherited)",
				);
				GCC_SYMBOLS_PRIVATE_EXTERN = NO;
				GCC_WARN_ABOUT_RETURN_TYPE = YES;
				GCC_WARN_UNINITIALIZED_AUTOS = YES;
				GCC_WARN_UNUSED_VARIABLE = YES;
				IPHONEOS_DEPLOYMENT_TARGET = 6.1;
				ONLY_ACTIVE_ARCH = YES;
				SDKROOT = iphoneos;
				TARGETED_DEVICE_FAMILY = "1,2";
			};
			name = Debug;
		};
		01A7E20517427FAB002744C4 /* Release */ = {
			isa = XCBuildConfiguration;
			buildSettings = {
				ALWAYS_SEARCH_USER_PATHS = NO;
				CLANG_CXX_LANGUAGE_STANDARD = "gnu++0x";
				CLANG_CXX_LIBRARY = "libc++";
				CLANG_ENABLE_OBJC_ARC = YES;
				CLANG_WARN_CONSTANT_CONVERSION = YES;
				CLANG_WARN_EMPTY_BODY = YES;
				CLANG_WARN_ENUM_CONVERSION = YES;
				CLANG_WARN_INT_CONVERSION = YES;
				CLANG_WARN__DUPLICATE_METHOD_MATCH = YES;
				"CODE_SIGN_IDENTITY[sdk=iphoneos*]" = "iPhone Developer";
				COPY_PHASE_STRIP = YES;
				GCC_C_LANGUAGE_STANDARD = gnu99;
				GCC_WARN_ABOUT_RETURN_TYPE = YES;
				GCC_WARN_UNINITIALIZED_AUTOS = YES;
				GCC_WARN_UNUSED_VARIABLE = YES;
				IPHONEOS_DEPLOYMENT_TARGET = 6.1;
				OTHER_CFLAGS = "-DNS_BLOCK_ASSERTIONS=1";
				SDKROOT = iphoneos;
				TARGETED_DEVICE_FAMILY = "1,2";
				VALIDATE_PRODUCT = YES;
			};
			name = Release;
		};
		01A7E20717427FAB002744C4 /* Debug */ = {
			isa = XCBuildConfiguration;
			buildSettings = {
				GCC_PRECOMPILE_PREFIX_HEADER = YES;
				GCC_PREFIX_HEADER = "ImageLoader/ImageLoader-Prefix.pch";
				HEADER_SEARCH_PATHS = "\"$(BUILT_PRODUCTS_DIR)/../../Headers\"";
				INFOPLIST_FILE = "ImageLoader/ImageLoader-Info.plist";
				IPHONEOS_DEPLOYMENT_TARGET = 5.0;
				OTHER_LDFLAGS = (
					"-ObjC",
					"-all_load",
				);
				PRODUCT_NAME = "$(TARGET_NAME)";
				WRAPPER_EXTENSION = app;
			};
			name = Debug;
		};
		01A7E20817427FAB002744C4 /* Release */ = {
			isa = XCBuildConfiguration;
			buildSettings = {
				GCC_PRECOMPILE_PREFIX_HEADER = YES;
				GCC_PREFIX_HEADER = "ImageLoader/ImageLoader-Prefix.pch";
				HEADER_SEARCH_PATHS = "\"$(BUILT_PRODUCTS_DIR)/../../Headers\"";
				INFOPLIST_FILE = "ImageLoader/ImageLoader-Info.plist";
				IPHONEOS_DEPLOYMENT_TARGET = 5.0;
				OTHER_LDFLAGS = (
					"-ObjC",
					"-all_load",
				);
				PRODUCT_NAME = "$(TARGET_NAME)";
				WRAPPER_EXTENSION = app;
			};
			name = Release;
		};
/* End XCBuildConfiguration section */

/* Begin XCConfigurationList section */
		01A7E1DB17427FAA002744C4 /* Build configuration list for PBXProject "ImageLoader" */ = {
			isa = XCConfigurationList;
			buildConfigurations = (
				01A7E20417427FAB002744C4 /* Debug */,
				01A7E20517427FAB002744C4 /* Release */,
			);
			defaultConfigurationIsVisible = 0;
			defaultConfigurationName = Release;
		};
		01A7E20617427FAB002744C4 /* Build configuration list for PBXNativeTarget "ImageLoader" */ = {
			isa = XCConfigurationList;
			buildConfigurations = (
				01A7E20717427FAB002744C4 /* Debug */,
				01A7E20817427FAB002744C4 /* Release */,
			);
			defaultConfigurationIsVisible = 0;
			defaultConfigurationName = Release;
		};
/* End XCConfigurationList section */
	};
	rootObject = 01A7E1D817427FAA002744C4 /* Project object */;
}
